
Microsoft Visual Studio Solution File, Format Version 12.00
# Visual Studio 14
VisualStudioVersion = 14.0.25420.1
MinimumVisualStudioVersion = 10.0.40219.1
Project("{D954291E-2A0B-460D-934E-DC6B0785DB48}") = "Calculadora_2", "Calculadora_2\Calculadora_2\Calculadora_2.shproj", "{5AF6CA8D-35FA-4D2C-9D5A-03C155DFE651}"
EndProject
Project("{FAE04EC0-301F-11D3-BF4B-00C04F79EFBC}") = "Calculadora_2.Android", "Calculadora_2\Calculadora_2.Android\Calculadora_2.Android.csproj", "{17E40230-0C31-4D4C-ADAF-776D11AAA3BD}"
EndProject
Project("{FAE04EC0-301F-11D3-BF4B-00C04F79EFBC}") = "Calculadora_2.iOS", "Calculadora_2\Calculadora_2.iOS\Calculadora_2.iOS.csproj", "{7640B7D5-7C24-45CD-A5E7-C193989DC9D7}"
EndProject
Project("{FAE04EC0-301F-11D3-BF4B-00C04F79EFBC}") = "Calculadora_2.UWP", "Calculadora_2\Calculadora_2.UWP\Calculadora_2.UWP.csproj", "{5B751542-2594-4253-B425-6326A295F60E}"
EndProject
Global
	GlobalSection(SharedMSBuildProjectFiles) = preSolution
		Calculadora_2\Calculadora_2\Calculadora_2.projitems*{17e40230-0c31-4d4c-adaf-776d11aaa3bd}*SharedItemsImports = 4
		Calculadora_2\Calculadora_2\Calculadora_2.projitems*{5af6ca8d-35fa-4d2c-9d5a-03c155dfe651}*SharedItemsImports = 13
		Calculadora_2\Calculadora_2\Calculadora_2.projitems*{7640b7d5-7c24-45cd-a5e7-c193989dc9d7}*SharedItemsImports = 4
	EndGlobalSection
	GlobalSection(SolutionConfigurationPlatforms) = preSolution
		Ad-Hoc|Any CPU = Ad-Hoc|Any CPU
		Ad-Hoc|ARM = Ad-Hoc|ARM
		Ad-Hoc|iPhone = Ad-Hoc|iPhone
		Ad-Hoc|iPhoneSimulator = Ad-Hoc|iPhoneSimulator
		Ad-Hoc|x64 = Ad-Hoc|x64
		Ad-Hoc|x86 = Ad-Hoc|x86
		AppStore|Any CPU = AppStore|Any CPU
		AppStore|ARM = AppStore|ARM
		AppStore|iPhone = AppStore|iPhone
		AppStore|iPhoneSimulator = AppStore|iPhoneSimulator
		AppStore|x64 = AppStore|x64
		AppStore|x86 = AppStore|x86
		Debug|Any CPU = Debug|Any CPU
		Debug|ARM = Debug|ARM
		Debug|iPhone = Debug|iPhone
		Debug|iPhoneSimulator = Debug|iPhoneSimulator
		Debug|x64 = Debug|x64
		Debug|x86 = Debug|x86
		Release|Any CPU = Release|Any CPU
		Release|ARM = Release|ARM
		Release|iPhone = Release|iPhone
		Release|iPhoneSimulator = Release|iPhoneSimulator
		Release|x64 = Release|x64
		Release|x86 = Release|x86
	EndGlobalSection
	GlobalSection(ProjectConfigurationPlatforms) = postSolution
		{17E40230-0C31-4D4C-ADAF-776D11AAA3BD}.Ad-Hoc|Any CPU.ActiveCfg = Release|Any CPU
		{17E40230-0C31-4D4C-ADAF-776D11AAA3BD}.Ad-Hoc|Any CPU.Build.0 = Release|Any CPU
		{17E40230-0C31-4D4C-ADAF-776D11AAA3BD}.Ad-Hoc|Any CPU.Deploy.0 = Release|Any CPU
		{17E40230-0C31-4D4C-ADAF-776D11AAA3BD}.Ad-Hoc|ARM.ActiveCfg = Release|Any CPU
		{17E40230-0C31-4D4C-ADAF-776D11AAA3BD}.Ad-Hoc|ARM.Build.0 = Release|Any CPU
		{17E40230-0C31-4D4C-ADAF-776D11AAA3BD}.Ad-Hoc|ARM.Deploy.0 = Release|Any CPU
		{17E40230-0C31-4D4C-ADAF-776D11AAA3BD}.Ad-Hoc|iPhone.ActiveCfg = Release|Any CPU
		{17E40230-0C31-4D4C-ADAF-776D11AAA3BD}.Ad-Hoc|iPhone.Build.0 = Release|Any CPU
		{17E40230-0C31-4D4C-ADAF-776D11AAA3BD}.Ad-Hoc|iPhone.Deploy.0 = Release|Any CPU
		{17E40230-0C31-4D4C-ADAF-776D11AAA3BD}.Ad-Hoc|iPhoneSimulator.ActiveCfg = Release|Any CPU
		{17E40230-0C31-4D4C-ADAF-776D11AAA3BD}.Ad-Hoc|iPhoneSimulator.Build.0 = Release|Any CPU
		{17E40230-0C31-4D4C-ADAF-776D11AAA3BD}.Ad-Hoc|iPhoneSimulator.Deploy.0 = Release|Any CPU
		{17E40230-0C31-4D4C-ADAF-776D11AAA3BD}.Ad-Hoc|x64.ActiveCfg = Release|Any CPU
		{17E40230-0C31-4D4C-ADAF-776D11AAA3BD}.Ad-Hoc|x64.Build.0 = Release|Any CPU
		{17E40230-0C31-4D4C-ADAF-776D11AAA3BD}.Ad-Hoc|x64.Deploy.0 = Release|Any CPU
		{17E40230-0C31-4D4C-ADAF-776D11AAA3BD}.Ad-Hoc|x86.ActiveCfg = Release|Any CPU
		{17E40230-0C31-4D4C-ADAF-776D11AAA3BD}.Ad-Hoc|x86.Build.0 = Release|Any CPU
		{17E40230-0C31-4D4C-ADAF-776D11AAA3BD}.Ad-Hoc|x86.Deploy.0 = Release|Any CPU
		{17E40230-0C31-4D4C-ADAF-776D11AAA3BD}.AppStore|Any CPU.ActiveCfg = Release|Any CPU
		{17E40230-0C31-4D4C-ADAF-776D11AAA3BD}.AppStore|Any CPU.Build.0 = Release|Any CPU
		{17E40230-0C31-4D4C-ADAF-776D11AAA3BD}.AppStore|Any CPU.Deploy.0 = Release|Any CPU
		{17E40230-0C31-4D4C-ADAF-776D11AAA3BD}.AppStore|ARM.ActiveCfg = Release|Any CPU
		{17E40230-0C31-4D4C-ADAF-776D11AAA3BD}.AppStore|ARM.Build.0 = Release|Any CPU
		{17E40230-0C31-4D4C-ADAF-776D11AAA3BD}.AppStore|ARM.Deploy.0 = Release|Any CPU
		{17E40230-0C31-4D4C-ADAF-776D11AAA3BD}.AppStore|iPhone.ActiveCfg = Release|Any CPU
		{17E40230-0C31-4D4C-ADAF-776D11AAA3BD}.AppStore|iPhone.Build.0 = Release|Any CPU
		{17E40230-0C31-4D4C-ADAF-776D11AAA3BD}.AppStore|iPhone.Deploy.0 = Release|Any CPU
		{17E40230-0C31-4D4C-ADAF-776D11AAA3BD}.AppStore|iPhoneSimulator.ActiveCfg = Release|Any CPU
		{17E40230-0C31-4D4C-ADAF-776D11AAA3BD}.AppStore|iPhoneSimulator.Build.0 = Release|Any CPU
		{17E40230-0C31-4D4C-ADAF-776D11AAA3BD}.AppStore|iPhoneSimulator.Deploy.0 = Release|Any CPU
		{17E40230-0C31-4D4C-ADAF-776D11AAA3BD}.AppStore|x64.ActiveCfg = Release|Any CPU
		{17E40230-0C31-4D4C-ADAF-776D11AAA3BD}.AppStore|x64.Build.0 = Release|Any CPU
		{17E40230-0C31-4D4C-ADAF-776D11AAA3BD}.AppStore|x64.Deploy.0 = Release|Any CPU
		{17E40230-0C31-4D4C-ADAF-776D11AAA3BD}.AppStore|x86.ActiveCfg = Release|Any CPU
		{17E40230-0C31-4D4C-ADAF-776D11AAA3BD}.AppStore|x86.Build.0 = Release|Any CPU
		{17E40230-0C31-4D4C-ADAF-776D11AAA3BD}.AppStore|x86.Deploy.0 = Release|Any CPU
		{17E40230-0C31-4D4C-ADAF-776D11AAA3BD}.Debug|Any CPU.ActiveCfg = Debug|Any CPU
		{17E40230-0C31-4D4C-ADAF-776D11AAA3BD}.Debug|Any CPU.Build.0 = Debug|Any CPU
		{17E40230-0C31-4D4C-ADAF-776D11AAA3BD}.Debug|Any CPU.Deploy.0 = Debug|Any CPU
		{17E40230-0C31-4D4C-ADAF-776D11AAA3BD}.Debug|ARM.ActiveCfg = Debug|Any CPU
		{17E40230-0C31-4D4C-ADAF-776D11AAA3BD}.Debug|ARM.Build.0 = Debug|Any CPU
		{17E40230-0C31-4D4C-ADAF-776D11AAA3BD}.Debug|ARM.Deploy.0 = Debug|Any CPU
		{17E40230-0C31-4D4C-ADAF-776D11AAA3BD}.Debug|iPhone.ActiveCfg = Debug|Any CPU
		{17E40230-0C31-4D4C-ADAF-776D11AAA3BD}.Debug|iPhone.Build.0 = Debug|Any CPU
		{17E40230-0C31-4D4C-ADAF-776D11AAA3BD}.Debug|iPhone.Deploy.0 = Debug|Any CPU
		{17E40230-0C31-4D4C-ADAF-776D11AAA3BD}.Debug|iPhoneSimulator.ActiveCfg = Debug|Any CPU
		{17E40230-0C31-4D4C-ADAF-776D11AAA3BD}.Debug|iPhoneSimulator.Build.0 = Debug|Any CPU
		{17E40230-0C31-4D4C-ADAF-776D11AAA3BD}.Debug|iPhoneSimulator.Deploy.0 = Debug|Any CPU
		{17E40230-0C31-4D4C-ADAF-776D11AAA3BD}.Debug|x64.ActiveCfg = Debug|Any CPU
		{17E40230-0C31-4D4C-ADAF-776D11AAA3BD}.Debug|x64.Build.0 = Debug|Any CPU
		{17E40230-0C31-4D4C-ADAF-776D11AAA3BD}.Debug|x64.Deploy.0 = Debug|Any CPU
		{17E40230-0C31-4D4C-ADAF-776D11AAA3BD}.Debug|x86.ActiveCfg = Debug|Any CPU
		{17E40230-0C31-4D4C-ADAF-776D11AAA3BD}.Debug|x86.Build.0 = Debug|Any CPU
		{17E40230-0C31-4D4C-ADAF-776D11AAA3BD}.Debug|x86.Deploy.0 = Debug|Any CPU
		{17E40230-0C31-4D4C-ADAF-776D11AAA3BD}.Release|Any CPU.ActiveCfg = Release|Any CPU
		{17E40230-0C31-4D4C-ADAF-776D11AAA3BD}.Release|Any CPU.Build.0 = Release|Any CPU
		{17E40230-0C31-4D4C-ADAF-776D11AAA3BD}.Release|Any CPU.Deploy.0 = Release|Any CPU
		{17E40230-0C31-4D4C-ADAF-776D11AAA3BD}.Release|ARM.ActiveCfg = Release|Any CPU
		{17E40230-0C31-4D4C-ADAF-776D11AAA3BD}.Release|ARM.Build.0 = Release|Any CPU
		{17E40230-0C31-4D4C-ADAF-776D11AAA3BD}.Release|ARM.Deploy.0 = Release|Any CPU
		{17E40230-0C31-4D4C-ADAF-776D11AAA3BD}.Release|iPhone.ActiveCfg = Release|Any CPU
		{17E40230-0C31-4D4C-ADAF-776D11AAA3BD}.Release|iPhone.Build.0 = Release|Any CPU
		{17E40230-0C31-4D4C-ADAF-776D11AAA3BD}.Release|iPhone.Deploy.0 = Release|Any CPU
		{17E40230-0C31-4D4C-ADAF-776D11AAA3BD}.Release|iPhoneSimulator.ActiveCfg = Release|Any CPU
		{17E40230-0C31-4D4C-ADAF-776D11AAA3BD}.Release|iPhoneSimulator.Build.0 = Release|Any CPU
		{17E40230-0C31-4D4C-ADAF-776D11AAA3BD}.Release|iPhoneSimulator.Deploy.0 = Release|Any CPU
		{17E40230-0C31-4D4C-ADAF-776D11AAA3BD}.Release|x64.ActiveCfg = Release|Any CPU
		{17E40230-0C31-4D4C-ADAF-776D11AAA3BD}.Release|x64.Build.0 = Release|Any CPU
		{17E40230-0C31-4D4C-ADAF-776D11AAA3BD}.Release|x64.Deploy.0 = Release|Any CPU
		{17E40230-0C31-4D4C-ADAF-776D11AAA3BD}.Release|x86.ActiveCfg = Release|Any CPU
		{17E40230-0C31-4D4C-ADAF-776D11AAA3BD}.Release|x86.Build.0 = Release|Any CPU
		{17E40230-0C31-4D4C-ADAF-776D11AAA3BD}.Release|x86.Deploy.0 = Release|Any CPU
		{7640B7D5-7C24-45CD-A5E7-C193989DC9D7}.Ad-Hoc|Any CPU.ActiveCfg = Ad-Hoc|iPhone
		{7640B7D5-7C24-45CD-A5E7-C193989DC9D7}.Ad-Hoc|ARM.ActiveCfg = Ad-Hoc|iPhone
		{7640B7D5-7C24-45CD-A5E7-C193989DC9D7}.Ad-Hoc|iPhone.ActiveCfg = Ad-Hoc|iPhone
		{7640B7D5-7C24-45CD-A5E7-C193989DC9D7}.Ad-Hoc|iPhone.Build.0 = Ad-Hoc|iPhone
		{7640B7D5-7C24-45CD-A5E7-C193989DC9D7}.Ad-Hoc|iPhoneSimulator.ActiveCfg = Ad-Hoc|iPhoneSimulator
		{7640B7D5-7C24-45CD-A5E7-C193989DC9D7}.Ad-Hoc|iPhoneSimulator.Build.0 = Ad-Hoc|iPhoneSimulator
		{7640B7D5-7C24-45CD-A5E7-C193989DC9D7}.Ad-Hoc|x64.ActiveCfg = Ad-Hoc|iPhone
		{7640B7D5-7C24-45CD-A5E7-C193989DC9D7}.Ad-Hoc|x86.ActiveCfg = Ad-Hoc|iPhone
		{7640B7D5-7C24-45CD-A5E7-C193989DC9D7}.AppStore|Any CPU.ActiveCfg = AppStore|iPhone
		{7640B7D5-7C24-45CD-A5E7-C193989DC9D7}.AppStore|ARM.ActiveCfg = AppStore|iPhone
		{7640B7D5-7C24-45CD-A5E7-C193989DC9D7}.AppStore|iPhone.ActiveCfg = AppStore|iPhone
		{7640B7D5-7C24-45CD-A5E7-C193989DC9D7}.AppStore|iPhone.Build.0 = AppStore|iPhone
		{7640B7D5-7C24-45CD-A5E7-C193989DC9D7}.AppStore|iPhoneSimulator.ActiveCfg = AppStore|iPhoneSimulator
		{7640B7D5-7C24-45CD-A5E7-C193989DC9D7}.AppStore|iPhoneSimulator.Build.0 = AppStore|iPhoneSimulator
		{7640B7D5-7C24-45CD-A5E7-C193989DC9D7}.AppStore|x64.ActiveCfg = AppStore|iPhone
		{7640B7D5-7C24-45CD-A5E7-C193989DC9D7}.AppStore|x86.ActiveCfg = AppStore|iPhone
		{7640B7D5-7C24-45CD-A5E7-C193989DC9D7}.Debug|Any CPU.ActiveCfg = Debug|iPhone
		{7640B7D5-7C24-45CD-A5E7-C193989DC9D7}.Debug|ARM.ActiveCfg = Debug|iPhone
		{7640B7D5-7C24-45CD-A5E7-C193989DC9D7}.Debug|iPhone.ActiveCfg = Debug|iPhone
		{7640B7D5-7C24-45CD-A5E7-C193989DC9D7}.Debug|iPhone.Build.0 = Debug|iPhone
		{7640B7D5-7C24-45CD-A5E7-C193989DC9D7}.Debug|iPhoneSimulator.ActiveCfg = Debug|iPhoneSimulator
		{7640B7D5-7C24-45CD-A5E7-C193989DC9D7}.Debug|iPhoneSimulator.Build.0 = Debug|iPhoneSimulator
		{7640B7D5-7C24-45CD-A5E7-C193989DC9D7}.Debug|x64.ActiveCfg = Debug|iPhone
		{7640B7D5-7C24-45CD-A5E7-C193989DC9D7}.Debug|x86.ActiveCfg = Debug|iPhone
		{7640B7D5-7C24-45CD-A5E7-C193989DC9D7}.Release|Any CPU.ActiveCfg = Release|iPhone
		{7640B7D5-7C24-45CD-A5E7-C193989DC9D7}.Release|ARM.ActiveCfg = Release|iPhone
		{7640B7D5-7C24-45CD-A5E7-C193989DC9D7}.Release|iPhone.ActiveCfg = Release|iPhone
		{7640B7D5-7C24-45CD-A5E7-C193989DC9D7}.Release|iPhone.Build.0 = Release|iPhone
		{7640B7D5-7C24-45CD-A5E7-C193989DC9D7}.Release|iPhoneSimulator.ActiveCfg = Release|iPhoneSimulator
		{7640B7D5-7C24-45CD-A5E7-C193989DC9D7}.Release|iPhoneSimulator.Build.0 = Release|iPhoneSimulator
		{7640B7D5-7C24-45CD-A5E7-C193989DC9D7}.Release|x64.ActiveCfg = Release|iPhone
		{7640B7D5-7C24-45CD-A5E7-C193989DC9D7}.Release|x86.ActiveCfg = Release|iPhone
		{5B751542-2594-4253-B425-6326A295F60E}.Ad-Hoc|Any CPU.ActiveCfg = Release|x86
		{5B751542-2594-4253-B425-6326A295F60E}.Ad-Hoc|Any CPU.Build.0 = Release|x86
		{5B751542-2594-4253-B425-6326A295F60E}.Ad-Hoc|Any CPU.Deploy.0 = Release|x86
		{5B751542-2594-4253-B425-6326A295F60E}.Ad-Hoc|ARM.ActiveCfg = Release|ARM
		{5B751542-2594-4253-B425-6326A295F60E}.Ad-Hoc|ARM.Build.0 = Release|ARM
		{5B751542-2594-4253-B425-6326A295F60E}.Ad-Hoc|ARM.Deploy.0 = Release|ARM
		{5B751542-2594-4253-B425-6326A295F60E}.Ad-Hoc|iPhone.ActiveCfg = Release|x86
		{5B751542-2594-4253-B425-6326A295F60E}.Ad-Hoc|iPhone.Build.0 = Release|x86
		{5B751542-2594-4253-B425-6326A295F60E}.Ad-Hoc|iPhone.Deploy.0 = Release|x86
		{5B751542-2594-4253-B425-6326A295F60E}.Ad-Hoc|iPhoneSimulator.ActiveCfg = Release|x86
		{5B751542-2594-4253-B425-6326A295F60E}.Ad-Hoc|iPhoneSimulator.Build.0 = Release|x86
		{5B751542-2594-4253-B425-6326A295F60E}.Ad-Hoc|iPhoneSimulator.Deploy.0 = Release|x86
		{5B751542-2594-4253-B425-6326A295F60E}.Ad-Hoc|x64.ActiveCfg = Release|x64
		{5B751542-2594-4253-B425-6326A295F60E}.Ad-Hoc|x64.Build.0 = Release|x64
		{5B751542-2594-4253-B425-6326A295F60E}.Ad-Hoc|x64.Deploy.0 = Release|x64
		{5B751542-2594-4253-B425-6326A295F60E}.Ad-Hoc|x86.ActiveCfg = Release|x86
		{5B751542-2594-4253-B425-6326A295F60E}.Ad-Hoc|x86.Build.0 = Release|x86
		{5B751542-2594-4253-B425-6326A295F60E}.Ad-Hoc|x86.Deploy.0 = Release|x86
		{5B751542-2594-4253-B425-6326A295F60E}.AppStore|Any CPU.ActiveCfg = Release|x86
		{5B751542-2594-4253-B425-6326A295F60E}.AppStore|Any CPU.Build.0 = Release|x86
		{5B751542-2594-4253-B425-6326A295F60E}.AppStore|Any CPU.Deploy.0 = Release|x86
		{5B751542-2594-4253-B425-6326A295F60E}.AppStore|ARM.ActiveCfg = Release|ARM
		{5B751542-2594-4253-B425-6326A295F60E}.AppStore|ARM.Build.0 = Release|ARM
		{5B751542-2594-4253-B425-6326A295F60E}.AppStore|ARM.Deploy.0 = Release|ARM
		{5B751542-2594-4253-B425-6326A295F60E}.AppStore|iPhone.ActiveCfg = Release|x86
		{5B751542-2594-4253-B425-6326A295F60E}.AppStore|iPhone.Build.0 = Release|x86
		{5B751542-2594-4253-B425-6326A295F60E}.AppStore|iPhone.Deploy.0 = Release|x86
		{5B751542-2594-4253-B425-6326A295F60E}.AppStore|iPhoneSimulator.ActiveCfg = Release|x86
		{5B751542-2594-4253-B425-6326A295F60E}.AppStore|iPhoneSimulator.Build.0 = Release|x86
		{5B751542-2594-4253-B425-6326A295F60E}.AppStore|iPhoneSimulator.Deploy.0 = Release|x86
		{5B751542-2594-4253-B425-6326A295F60E}.AppStore|x64.ActiveCfg = Release|x64
		{5B751542-2594-4253-B425-6326A295F60E}.AppStore|x64.Build.0 = Release|x64
		{5B751542-2594-4253-B425-6326A295F60E}.AppStore|x64.Deploy.0 = Release|x64
		{5B751542-2594-4253-B425-6326A295F60E}.AppStore|x86.ActiveCfg = Release|x86
		{5B751542-2594-4253-B425-6326A295F60E}.AppStore|x86.Build.0 = Release|x86
		{5B751542-2594-4253-B425-6326A295F60E}.AppStore|x86.Deploy.0 = Release|x86
		{5B751542-2594-4253-B425-6326A295F60E}.Debug|Any CPU.ActiveCfg = Debug|x86
		{5B751542-2594-4253-B425-6326A295F60E}.Debug|ARM.ActiveCfg = Debug|ARM
		{5B751542-2594-4253-B425-6326A295F60E}.Debug|ARM.Build.0 = Debug|ARM
		{5B751542-2594-4253-B425-6326A295F60E}.Debug|ARM.Deploy.0 = Debug|ARM
		{5B751542-2594-4253-B425-6326A295F60E}.Debug|iPhone.ActiveCfg = Debug|x86
		{5B751542-2594-4253-B425-6326A295F60E}.Debug|iPhoneSimulator.ActiveCfg = Debug|x86
		{5B751542-2594-4253-B425-6326A295F60E}.Debug|x64.ActiveCfg = Debug|x64
		{5B751542-2594-4253-B425-6326A295F60E}.Debug|x64.Build.0 = Debug|x64
		{5B751542-2594-4253-B425-6326A295F60E}.Debug|x64.Deploy.0 = Debug|x64
		{5B751542-2594-4253-B425-6326A295F60E}.Debug|x86.ActiveCfg = Debug|x86
		{5B751542-2594-4253-B425-6326A295F60E}.Debug|x86.Build.0 = Debug|x86
		{5B751542-2594-4253-B425-6326A295F60E}.Debug|x86.Deploy.0 = Debug|x86
		{5B751542-2594-4253-B425-6326A295F60E}.Release|Any CPU.ActiveCfg = Release|x86
		{5B751542-2594-4253-B425-6326A295F60E}.Release|ARM.ActiveCfg = Release|ARM
		{5B751542-2594-4253-B425-6326A295F60E}.Release|ARM.Build.0 = Release|ARM
		{5B751542-2594-4253-B425-6326A295F60E}.Release|ARM.Deploy.0 = Release|ARM
		{5B751542-2594-4253-B425-6326A295F60E}.Release|iPhone.ActiveCfg = Release|x86
		{5B751542-2594-4253-B425-6326A295F60E}.Release|iPhoneSimulator.ActiveCfg = Release|x86
		{5B751542-2594-4253-B425-6326A295F60E}.Release|x64.ActiveCfg = Release|x64
		{5B751542-2594-4253-B425-6326A295F60E}.Release|x64.Build.0 = Release|x64
		{5B751542-2594-4253-B425-6326A295F60E}.Release|x64.Deploy.0 = Release|x64
		{5B751542-2594-4253-B425-6326A295F60E}.Release|x86.ActiveCfg = Release|x86
		{5B751542-2594-4253-B425-6326A295F60E}.Release|x86.Build.0 = Release|x86
		{5B751542-2594-4253-B425-6326A295F60E}.Release|x86.Deploy.0 = Release|x86
	EndGlobalSection
	GlobalSection(SolutionProperties) = preSolution
		HideSolutionNode = FALSE
	EndGlobalSection
EndGlobal
